
Microsoft Visual Studio Solution File, Format Version 12.00
# Visual Studio 2013
VisualStudioVersion = 12.0.31101.0
MinimumVisualStudioVersion = 10.0.40219.1
Project("{2150E333-8FDC-42A3-9474-1A3956D46DE8}") = "SharedApp", "SharedApp", "{F76C9A20-E50D-4DB5-A8DD-710BEB524EDB}"
EndProject
Project("{D954291E-2A0B-460D-934E-DC6B0785DB48}") = "Oraculo.Shared", "Oraculo\Oraculo.Shared\Oraculo.Shared.shproj", "{BADE16BA-8E7F-4E27-AEBE-00BC61337188}"
EndProject
Project("{262852C6-CD72-467D-83FE-5EEB1973A190}") = "Oraculo.Windows", "Oraculo\Oraculo.Windows\Oraculo.Windows.jsproj", "{FDAE2470-D69C-47F0-A173-40362DCE31BD}"
EndProject
Project("{262852C6-CD72-467D-83FE-5EEB1973A190}") = "Oraculo.WindowsPhone", "Oraculo\Oraculo.WindowsPhone\Oraculo.WindowsPhone.jsproj", "{578786AD-E21F-4A74-81F0-5AE281B27619}"
EndProject
Global
	GlobalSection(SharedMSBuildProjectFiles) = preSolution
		Oraculo\Oraculo.Shared\Oraculo.Shared.projitems*{578786ad-e21f-4a74-81f0-5ae281b27619}*SharedItemsImports = 5
		Oraculo\Oraculo.Shared\Oraculo.Shared.projitems*{bade16ba-8e7f-4e27-aebe-00bc61337188}*SharedItemsImports = 13
		Oraculo\Oraculo.Shared\Oraculo.Shared.projitems*{fdae2470-d69c-47f0-a173-40362dce31bd}*SharedItemsImports = 5
	EndGlobalSection
	GlobalSection(SolutionConfigurationPlatforms) = preSolution
		Debug|Any CPU = Debug|Any CPU
		Debug|ARM = Debug|ARM
		Debug|x64 = Debug|x64
		Debug|x86 = Debug|x86
		Release|Any CPU = Release|Any CPU
		Release|ARM = Release|ARM
		Release|x64 = Release|x64
		Release|x86 = Release|x86
	EndGlobalSection
	GlobalSection(ProjectConfigurationPlatforms) = postSolution
		{FDAE2470-D69C-47F0-A173-40362DCE31BD}.Debug|Any CPU.ActiveCfg = Debug|Any CPU
		{FDAE2470-D69C-47F0-A173-40362DCE31BD}.Debug|Any CPU.Build.0 = Debug|Any CPU
		{FDAE2470-D69C-47F0-A173-40362DCE31BD}.Debug|Any CPU.Deploy.0 = Debug|Any CPU
		{FDAE2470-D69C-47F0-A173-40362DCE31BD}.Debug|ARM.ActiveCfg = Debug|ARM
		{FDAE2470-D69C-47F0-A173-40362DCE31BD}.Debug|ARM.Build.0 = Debug|ARM
		{FDAE2470-D69C-47F0-A173-40362DCE31BD}.Debug|ARM.Deploy.0 = Debug|ARM
		{FDAE2470-D69C-47F0-A173-40362DCE31BD}.Debug|x64.ActiveCfg = Debug|x64
		{FDAE2470-D69C-47F0-A173-40362DCE31BD}.Debug|x64.Build.0 = Debug|x64
		{FDAE2470-D69C-47F0-A173-40362DCE31BD}.Debug|x64.Deploy.0 = Debug|x64
		{FDAE2470-D69C-47F0-A173-40362DCE31BD}.Debug|x86.ActiveCfg = Debug|x86
		{FDAE2470-D69C-47F0-A173-40362DCE31BD}.Debug|x86.Build.0 = Debug|x86
		{FDAE2470-D69C-47F0-A173-40362DCE31BD}.Debug|x86.Deploy.0 = Debug|x86
		{FDAE2470-D69C-47F0-A173-40362DCE31BD}.Release|Any CPU.ActiveCfg = Release|Any CPU
		{FDAE2470-D69C-47F0-A173-40362DCE31BD}.Release|Any CPU.Build.0 = Release|Any CPU
		{FDAE2470-D69C-47F0-A173-40362DCE31BD}.Release|Any CPU.Deploy.0 = Release|Any CPU
		{FDAE2470-D69C-47F0-A173-40362DCE31BD}.Release|ARM.ActiveCfg = Release|ARM
		{FDAE2470-D69C-47F0-A173-40362DCE31BD}.Release|ARM.Build.0 = Release|ARM
		{FDAE2470-D69C-47F0-A173-40362DCE31BD}.Release|ARM.Deploy.0 = Release|ARM
		{FDAE2470-D69C-47F0-A173-40362DCE31BD}.Release|x64.ActiveCfg = Release|x64
		{FDAE2470-D69C-47F0-A173-40362DCE31BD}.Release|x64.Build.0 = Release|x64
		{FDAE2470-D69C-47F0-A173-40362DCE31BD}.Release|x64.Deploy.0 = Release|x64
		{FDAE2470-D69C-47F0-A173-40362DCE31BD}.Release|x86.ActiveCfg = Release|x86
		{FDAE2470-D69C-47F0-A173-40362DCE31BD}.Release|x86.Build.0 = Release|x86
		{FDAE2470-D69C-47F0-A173-40362DCE31BD}.Release|x86.Deploy.0 = Release|x86
		{578786AD-E21F-4A74-81F0-5AE281B27619}.Debug|Any CPU.ActiveCfg = Debug|Any CPU
		{578786AD-E21F-4A74-81F0-5AE281B27619}.Debug|Any CPU.Build.0 = Debug|Any CPU
		{578786AD-E21F-4A74-81F0-5AE281B27619}.Debug|Any CPU.Deploy.0 = Debug|Any CPU
		{578786AD-E21F-4A74-81F0-5AE281B27619}.Debug|ARM.ActiveCfg = Debug|ARM
		{578786AD-E21F-4A74-81F0-5AE281B27619}.Debug|ARM.Build.0 = Debug|ARM
		{578786AD-E21F-4A74-81F0-5AE281B27619}.Debug|ARM.Deploy.0 = Debug|ARM
		{578786AD-E21F-4A74-81F0-5AE281B27619}.Debug|x64.ActiveCfg = Debug|x86
		{578786AD-E21F-4A74-81F0-5AE281B27619}.Debug|x64.Build.0 = Debug|x86
		{578786AD-E21F-4A74-81F0-5AE281B27619}.Debug|x64.Deploy.0 = Debug|x86
		{578786AD-E21F-4A74-81F0-5AE281B27619}.Debug|x86.ActiveCfg = Debug|x86
		{578786AD-E21F-4A74-81F0-5AE281B27619}.Debug|x86.Build.0 = Debug|x86
		{578786AD-E21F-4A74-81F0-5AE281B27619}.Debug|x86.Deploy.0 = Debug|x86
		{578786AD-E21F-4A74-81F0-5AE281B27619}.Release|Any CPU.ActiveCfg = Release|Any CPU
		{578786AD-E21F-4A74-81F0-5AE281B27619}.Release|Any CPU.Build.0 = Release|Any CPU
		{578786AD-E21F-4A74-81F0-5AE281B27619}.Release|Any CPU.Deploy.0 = Release|Any CPU
		{578786AD-E21F-4A74-81F0-5AE281B27619}.Release|ARM.ActiveCfg = Release|ARM
		{578786AD-E21F-4A74-81F0-5AE281B27619}.Release|ARM.Build.0 = Release|ARM
		{578786AD-E21F-4A74-81F0-5AE281B27619}.Release|ARM.Deploy.0 = Release|ARM
		{578786AD-E21F-4A74-81F0-5AE281B27619}.Release|x64.ActiveCfg = Release|x86
		{578786AD-E21F-4A74-81F0-5AE281B27619}.Release|x64.Build.0 = Release|x86
		{578786AD-E21F-4A74-81F0-5AE281B27619}.Release|x64.Deploy.0 = Release|x86
		{578786AD-E21F-4A74-81F0-5AE281B27619}.Release|x86.ActiveCfg = Release|x86
		{578786AD-E21F-4A74-81F0-5AE281B27619}.Release|x86.Build.0 = Release|x86
		{578786AD-E21F-4A74-81F0-5AE281B27619}.Release|x86.Deploy.0 = Release|x86
	EndGlobalSection
	GlobalSection(SolutionProperties) = preSolution
		HideSolutionNode = FALSE
	EndGlobalSection
	GlobalSection(NestedProjects) = preSolution
		{BADE16BA-8E7F-4E27-AEBE-00BC61337188} = {F76C9A20-E50D-4DB5-A8DD-710BEB524EDB}
		{FDAE2470-D69C-47F0-A173-40362DCE31BD} = {F76C9A20-E50D-4DB5-A8DD-710BEB524EDB}
		{578786AD-E21F-4A74-81F0-5AE281B27619} = {F76C9A20-E50D-4DB5-A8DD-710BEB524EDB}
	EndGlobalSection
EndGlobal
